{"version":4,"terraform_version":"1.10.5","serial":477,"lineage":"1c99a2d8-9b0d-4bad-be0d-90cfdc203c7f","outputs":{"ai_dependencies_layer_arn":{"value":"arn:aws:lambda:us-east-1:149536489028:layer:chatbot-ai-dependencies:29","type":"string"},"base_url":{"value":"https://kr84c9lx48.execute-api.us-east-1.amazonaws.com/prod","type":"string"},"chatbot_lambda_bucket_name":{"value":"chatbot-aboutme-normally-mistakenly-social-lemur","type":"string"},"core_dependencies_layer_arn":{"value":"arn:aws:lambda:us-east-1:149536489028:layer:chatbot-core-dependencies:32","type":"string"},"faiss_vectorstore_layer_arn":{"value":"arn:aws:lambda:us-east-1:149536489028:layer:chatbot-faiss-vectorstore:32","type":"string"},"function_name":{"value":"chatbot-api","type":"string"}},"resources":[{"mode":"data","type":"archive_file","name":"lambda_chatbot","provider":"provider[\"registry.opentofu.org/hashicorp/archive\"]","instances":[{"schema_version":0,"attributes":{"exclude_symlink_directories":null,"excludes":null,"id":"5a92709682ea03ec23e26ac932d13110eaf9316d","output_base64sha256":"GrX0o1Z6p42Or0rLD40DwBpf/jXxiezsFrggT4ZBDtU=","output_base64sha512":"0noo77nVz41liIucfDs8NZ+w41kneJIJUAunZCuD5H5VgrKbtOEsnbEebszG8IHKXN/WuUis6QD9gO4WpEl9MA==","output_file_mode":null,"output_md5":"ce45e7a3b08a3fca06329bf7b6eccc36","output_path":"./../chatbot-function.zip","output_sha":"5a92709682ea03ec23e26ac932d13110eaf9316d","output_sha256":"1ab5f4a3567aa78d8eaf4acb0f8d03c01a5ffe35f189ecec16b8204f86410ed5","output_sha512":"d27a28efb9d5cf8d65888b9c7c3b3c359fb0e35927789209500ba7642b83e47e5582b29bb4e12c9db11e6eccc6f081ca5cdfd6b948ace900fd80ee16a4497d30","output_size":409455,"source":[],"source_content":null,"source_content_filename":null,"source_dir":"./../chatbot","source_file":null,"type":"zip"},"sensitive_attributes":[]}]},{"mode":"data","type":"aws_ssm_parameter","name":"openai_api_key","provider":"provider[\"registry.opentofu.org/hashicorp/aws\"]","instances":[{"schema_version":0,"attributes":{"arn":"arn:aws:ssm:us-east-1:149536489028:parameter/myapp/OPENAI_API_KEY","id":"/myapp/OPENAI_API_KEY","insecure_value":"","name":"/myapp/OPENAI_API_KEY","type":"SecureString","value":"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","version":1,"with_decryption":true},"sensitive_attributes":[]}]},{"mode":"managed","type":"aws_api_gateway_deployment","name":"chatbot_deployment","provider":"provider[\"registry.opentofu.org/hashicorp/aws\"]","instances":[{"schema_version":0,"attributes":{"created_date":"2025-09-01T17:03:00Z","description":"","execution_arn":"arn:aws:execute-api:us-east-1:149536489028:kr84c9lx48/","id":"r42px8","invoke_url":"https://kr84c9lx48.execute-api.us-east-1.amazonaws.com/","rest_api_id":"kr84c9lx48","stage_description":null,"stage_name":null,"triggers":{"redeployment":"f66dfb0872f3e9baac1119f40c790137bc3e971e"},"variables":null},"sensitive_attributes":[],"private":"bnVsbA==","dependencies":["aws_api_gateway_integration.lambda_integration","aws_api_gateway_integration_response.lambda_integration_response","aws_api_gateway_method.post_method","aws_api_gateway_method_response.post_method_response","aws_api_gateway_resource.ask_resource","aws_api_gateway_rest_api.chatbot_rest_api","aws_iam_role.lambda_chatbot_role","aws_lambda_function.chatbot_lambda","aws_lambda_layer_version.ai_dependencies_layer","aws_lambda_layer_version.core_dependencies_layer","aws_lambda_layer_version.faiss_vectorstore_layer","aws_lambda_layer_version.langchain_community_layer","aws_s3_bucket.lambda_bucket","aws_s3_object.ai_layer_zip","aws_s3_object.core_layer_zip","aws_s3_object.faiss_layer_zip","aws_s3_object.lambda_chatbot","aws_s3_object.langchain_layer_zip","data.aws_ssm_parameter.openai_api_key","random_pet.lambda_bucket_name"],"create_before_destroy":true}]},{"mode":"managed","type":"aws_api_gateway_integration","name":"lambda_integration","provider":"provider[\"registry.opentofu.org/hashicorp/aws\"]","instances":[{"schema_version":0,"attributes":{"cache_key_parameters":[],"cache_namespace":"9xl7bu","connection_id":"","connection_type":"INTERNET","content_handling":"","credentials":"","http_method":"POST","id":"agi-kr84c9lx48-9xl7bu-POST","integration_http_method":"POST","passthrough_behavior":"WHEN_NO_MATCH","request_parameters":{},"request_templates":{},"resource_id":"9xl7bu","rest_api_id":"kr84c9lx48","timeout_milliseconds":29000,"tls_config":[],"type":"AWS_PROXY","uri":"arn:aws:apigateway:us-east-1:lambda:path/2015-03-31/functions/arn:aws:lambda:us-east-1:149536489028:function:chatbot-api/invocations"},"sensitive_attributes":[],"private":"bnVsbA==","dependencies":["aws_api_gateway_method.post_method","aws_api_gateway_resource.ask_resource","aws_api_gateway_rest_api.chatbot_rest_api","aws_iam_role.lambda_chatbot_role","aws_lambda_function.chatbot_lambda","aws_lambda_layer_version.ai_dependencies_layer","aws_lambda_layer_version.core_dependencies_layer","aws_lambda_layer_version.faiss_vectorstore_layer","aws_lambda_layer_version.langchain_community_layer","aws_s3_bucket.lambda_bucket","aws_s3_object.ai_layer_zip","aws_s3_object.core_layer_zip","aws_s3_object.faiss_layer_zip","aws_s3_object.lambda_chatbot","aws_s3_object.langchain_layer_zip","data.aws_ssm_parameter.openai_api_key","random_pet.lambda_bucket_name"],"create_before_destroy":true}]},{"mode":"managed","type":"aws_api_gateway_integration_response","name":"lambda_integration_response","provider":"provider[\"registry.opentofu.org/hashicorp/aws\"]","instances":[{"schema_version":0,"attributes":{"content_handling":"","http_method":"POST","id":"agir-kr84c9lx48-9xl7bu-POST-200","resource_id":"9xl7bu","response_parameters":{},"response_templates":{},"rest_api_id":"kr84c9lx48","selection_pattern":"","status_code":"200"},"sensitive_attributes":[],"private":"bnVsbA==","dependencies":["aws_api_gateway_integration.lambda_integration","aws_api_gateway_method.post_method","aws_api_gateway_method_response.post_method_response","aws_api_gateway_resource.ask_resource","aws_api_gateway_rest_api.chatbot_rest_api","aws_iam_role.lambda_chatbot_role","aws_lambda_function.chatbot_lambda","aws_lambda_layer_version.ai_dependencies_layer","aws_lambda_layer_version.core_dependencies_layer","aws_lambda_layer_version.faiss_vectorstore_layer","aws_lambda_layer_version.langchain_community_layer","aws_s3_bucket.lambda_bucket","aws_s3_object.ai_layer_zip","aws_s3_object.core_layer_zip","aws_s3_object.faiss_layer_zip","aws_s3_object.lambda_chatbot","aws_s3_object.langchain_layer_zip","data.aws_ssm_parameter.openai_api_key","random_pet.lambda_bucket_name"],"create_before_destroy":true}]},{"mode":"managed","type":"aws_api_gateway_method","name":"post_method","provider":"provider[\"registry.opentofu.org/hashicorp/aws\"]","instances":[{"schema_version":0,"attributes":{"api_key_required":false,"authorization":"NONE","authorization_scopes":[],"authorizer_id":"","http_method":"POST","id":"agm-kr84c9lx48-9xl7bu-POST","operation_name":"","request_models":{},"request_parameters":{},"request_validator_id":"","resource_id":"9xl7bu","rest_api_id":"kr84c9lx48"},"sensitive_attributes":[],"private":"bnVsbA==","dependencies":["aws_api_gateway_resource.ask_resource","aws_api_gateway_rest_api.chatbot_rest_api"],"create_before_destroy":true}]},{"mode":"managed","type":"aws_api_gateway_method_response","name":"post_method_response","provider":"provider[\"registry.opentofu.org/hashicorp/aws\"]","instances":[{"schema_version":0,"attributes":{"http_method":"POST","id":"agmr-kr84c9lx48-9xl7bu-POST-200","resource_id":"9xl7bu","response_models":{},"response_parameters":{"method.response.header.Access-Control-Allow-Origin":true},"rest_api_id":"kr84c9lx48","status_code":"200"},"sensitive_attributes":[],"private":"bnVsbA==","dependencies":["aws_api_gateway_method.post_method","aws_api_gateway_resource.ask_resource","aws_api_gateway_rest_api.chatbot_rest_api"],"create_before_destroy":true}]},{"mode":"managed","type":"aws_api_gateway_resource","name":"ask_resource","provider":"provider[\"registry.opentofu.org/hashicorp/aws\"]","instances":[{"schema_version":0,"attributes":{"id":"9xl7bu","parent_id":"8fw42t8la6","path":"/ask","path_part":"ask","rest_api_id":"kr84c9lx48"},"sensitive_attributes":[],"private":"bnVsbA==","dependencies":["aws_api_gateway_rest_api.chatbot_rest_api"],"create_before_destroy":true}]},{"mode":"managed","type":"aws_api_gateway_rest_api","name":"chatbot_rest_api","provider":"provider[\"registry.opentofu.org/hashicorp/aws\"]","instances":[{"schema_version":0,"attributes":{"api_key_source":"HEADER","arn":"arn:aws:apigateway:us-east-1::/restapis/kr84c9lx48","binary_media_types":[],"body":null,"created_date":"2025-07-10T08:45:41Z","description":"REST API for Chatbot Lambda function","disable_execute_api_endpoint":false,"endpoint_configuration":[{"types":["EDGE"],"vpc_endpoint_ids":[]}],"execution_arn":"arn:aws:execute-api:us-east-1:149536489028:kr84c9lx48","fail_on_warnings":null,"id":"kr84c9lx48","minimum_compression_size":"","name":"chatbot-rest-api","parameters":null,"policy":"","put_rest_api_mode":null,"root_resource_id":"8fw42t8la6","tags":{"Application":"Chatbot","Environment":"Production","Owner":"TCHeiner"},"tags_all":{"Application":"Chatbot","Environment":"Production","Owner":"TCHeiner","hashicorp-learn":"lambda-api-gateway"}},"sensitive_attributes":[],"private":"bnVsbA==","create_before_destroy":true}]},{"mode":"managed","type":"aws_api_gateway_stage","name":"prod_stage","provider":"provider[\"registry.opentofu.org/hashicorp/aws\"]","instances":[{"schema_version":0,"attributes":{"access_log_settings":[],"arn":"arn:aws:apigateway:us-east-1::/restapis/kr84c9lx48/stages/prod","cache_cluster_enabled":false,"cache_cluster_size":"","canary_settings":[],"client_certificate_id":"","deployment_id":"r42px8","description":"","documentation_version":"","execution_arn":"arn:aws:execute-api:us-east-1:149536489028:kr84c9lx48/prod","id":"ags-kr84c9lx48-prod","invoke_url":"https://kr84c9lx48.execute-api.us-east-1.amazonaws.com/prod","rest_api_id":"kr84c9lx48","stage_name":"prod","tags":{},"tags_all":{"hashicorp-learn":"lambda-api-gateway"},"variables":{},"web_acl_arn":"","xray_tracing_enabled":false},"sensitive_attributes":[],"private":"bnVsbA==","dependencies":["aws_api_gateway_deployment.chatbot_deployment","aws_api_gateway_integration.lambda_integration","aws_api_gateway_integration_response.lambda_integration_response","aws_api_gateway_method.post_method","aws_api_gateway_method_response.post_method_response","aws_api_gateway_resource.ask_resource","aws_api_gateway_rest_api.chatbot_rest_api","aws_iam_role.lambda_chatbot_role","aws_lambda_function.chatbot_lambda","aws_lambda_layer_version.ai_dependencies_layer","aws_lambda_layer_version.core_dependencies_layer","aws_lambda_layer_version.faiss_vectorstore_layer","aws_lambda_layer_version.langchain_community_layer","aws_s3_bucket.lambda_bucket","aws_s3_object.ai_layer_zip","aws_s3_object.core_layer_zip","aws_s3_object.faiss_layer_zip","aws_s3_object.lambda_chatbot","aws_s3_object.langchain_layer_zip","data.aws_ssm_parameter.openai_api_key","random_pet.lambda_bucket_name"]}]},{"mode":"managed","type":"aws_cloudwatch_log_group","name":"lambda_chatbot","provider":"provider[\"registry.opentofu.org/hashicorp/aws\"]","instances":[{"schema_version":0,"attributes":{"arn":"arn:aws:logs:us-east-1:149536489028:log-group:/aws/lambda/chatbot-api","id":"/aws/lambda/chatbot-api","kms_key_id":"","log_group_class":"STANDARD","name":"/aws/lambda/chatbot-api","name_prefix":"","retention_in_days":30,"skip_destroy":false,"tags":{},"tags_all":{"hashicorp-learn":"lambda-api-gateway"}},"sensitive_attributes":[],"private":"bnVsbA==","dependencies":["aws_iam_role.lambda_chatbot_role","aws_lambda_function.chatbot_lambda","aws_lambda_layer_version.ai_dependencies_layer","aws_lambda_layer_version.core_dependencies_layer","aws_lambda_layer_version.faiss_vectorstore_layer","aws_lambda_layer_version.langchain_community_layer","aws_s3_bucket.lambda_bucket","aws_s3_object.ai_layer_zip","aws_s3_object.core_layer_zip","aws_s3_object.faiss_layer_zip","aws_s3_object.lambda_chatbot","aws_s3_object.langchain_layer_zip","data.aws_ssm_parameter.openai_api_key","random_pet.lambda_bucket_name"]}]},{"mode":"managed","type":"aws_cloudwatch_log_group","name":"rest_api_logs","provider":"provider[\"registry.opentofu.org/hashicorp/aws\"]","instances":[{"schema_version":0,"attributes":{"arn":"arn:aws:logs:us-east-1:149536489028:log-group:/aws/apigateway/chatbot-rest-api","id":"/aws/apigateway/chatbot-rest-api","kms_key_id":"","log_group_class":"STANDARD","name":"/aws/apigateway/chatbot-rest-api","name_prefix":"","retention_in_days":30,"skip_destroy":false,"tags":{"Application":"Chatbot","Environment":"Production","Owner":"TCHeiner"},"tags_all":{"Application":"Chatbot","Environment":"Production","Owner":"TCHeiner","hashicorp-learn":"lambda-api-gateway"}},"sensitive_attributes":[],"private":"bnVsbA==","dependencies":["aws_api_gateway_rest_api.chatbot_rest_api"]}]},{"mode":"managed","type":"aws_iam_role","name":"lambda_chatbot_role","provider":"provider[\"registry.opentofu.org/hashicorp/aws\"]","instances":[{"schema_version":0,"attributes":{"arn":"arn:aws:iam::149536489028:role/serverless_lambda","assume_role_policy":"{\"Statement\":[{\"Action\":\"sts:AssumeRole\",\"Effect\":\"Allow\",\"Principal\":{\"Service\":\"lambda.amazonaws.com\"},\"Sid\":\"\"}],\"Version\":\"2012-10-17\"}","create_date":"2025-07-10T08:45:41Z","description":"","force_detach_policies":false,"id":"serverless_lambda","inline_policy":[{"name":"lambda_ssm_access","policy":"{\"Version\":\"2012-10-17\",\"Statement\":[{\"Action\":[\"ssm:GetParameter\"],\"Effect\":\"Allow\",\"Resource\":\"arn:aws:ssm:us-east-1:149536489028:parameter/myapp/OPENAI_API_KEY\"}]}"}],"managed_policy_arns":["arn:aws:iam::aws:policy/service-role/AWSLambdaBasicExecutionRole"],"max_session_duration":3600,"name":"serverless_lambda","name_prefix":"","path":"/","permissions_boundary":"","tags":{},"tags_all":{"hashicorp-learn":"lambda-api-gateway"},"unique_id":"AROASFUIRXZCLSA5ZASPD"},"sensitive_attributes":[],"private":"bnVsbA==","create_before_destroy":true}]},{"mode":"managed","type":"aws_iam_role_policy","name":"lambda_ssm_policy","provider":"provider[\"registry.opentofu.org/hashicorp/aws\"]","instances":[{"schema_version":0,"attributes":{"id":"serverless_lambda:lambda_ssm_access","name":"lambda_ssm_access","name_prefix":"","policy":"{\"Version\":\"2012-10-17\",\"Statement\":[{\"Action\":[\"ssm:GetParameter\"],\"Effect\":\"Allow\",\"Resource\":\"arn:aws:ssm:us-east-1:149536489028:parameter/myapp/OPENAI_API_KEY\"}]}","role":"serverless_lambda"},"sensitive_attributes":[],"private":"bnVsbA==","dependencies":["aws_iam_role.lambda_chatbot_role","data.aws_ssm_parameter.openai_api_key"]}]},{"mode":"managed","type":"aws_iam_role_policy_attachment","name":"lambda_policy","provider":"provider[\"registry.opentofu.org/hashicorp/aws\"]","instances":[{"schema_version":0,"attributes":{"id":"serverless_lambda-20250710084542641400000001","policy_arn":"arn:aws:iam::aws:policy/service-role/AWSLambdaBasicExecutionRole","role":"serverless_lambda"},"sensitive_attributes":[],"private":"bnVsbA==","dependencies":["aws_iam_role.lambda_chatbot_role"]}]},{"mode":"managed","type":"aws_lambda_function","name":"chatbot_lambda","provider":"provider[\"registry.opentofu.org/hashicorp/aws\"]","instances":[{"status":"tainted","schema_version":0,"attributes":{"architectures":["arm64"],"arn":"arn:aws:lambda:us-east-1:149536489028:function:chatbot-api","code_signing_config_arn":"","dead_letter_config":[],"description":"","environment":[{"variables":{"OPENAI_API_KEY":"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","PYTHONPATH":"/opt/python:/var/task"}}],"ephemeral_storage":[{"size":512}],"file_system_config":[],"filename":null,"function_name":"chatbot-api","handler":"main.handler","id":"chatbot-api","image_config":[],"image_uri":"","invoke_arn":"arn:aws:apigateway:us-east-1:lambda:path/2015-03-31/functions/arn:aws:lambda:us-east-1:149536489028:function:chatbot-api/invocations","kms_key_arn":"","last_modified":"2025-09-01T22:22:24.000+0000","layers":["arn:aws:lambda:us-east-1:149536489028:layer:chatbot-core-dependencies:29","arn:aws:lambda:us-east-1:149536489028:layer:chatbot-ai-dependencies:26","arn:aws:lambda:us-east-1:149536489028:layer:chatbot-faiss-vectorstore:29","arn:aws:lambda:us-east-1:149536489028:layer:chatbot-langchain-community:25"],"logging_config":[{"application_log_level":"","log_format":"Text","log_group":"/aws/lambda/chatbot-api","system_log_level":""}],"memory_size":512,"package_type":"Zip","publish":false,"qualified_arn":"arn:aws:lambda:us-east-1:149536489028:function:chatbot-api:$LATEST","qualified_invoke_arn":"arn:aws:apigateway:us-east-1:lambda:path/2015-03-31/functions/arn:aws:lambda:us-east-1:149536489028:function:chatbot-api:$LATEST/invocations","replace_security_groups_on_destroy":null,"replacement_security_group_ids":null,"reserved_concurrent_executions":-1,"role":"arn:aws:iam::149536489028:role/serverless_lambda","runtime":"python3.12","s3_bucket":"chatbot-aboutme-normally-mistakenly-social-lemur","s3_key":"chatbot-function.zip","s3_object_version":null,"signing_job_arn":"","signing_profile_version_arn":"","skip_destroy":false,"snap_start":[],"source_code_hash":"Gh14HaGEi7ZGyzB3/Fq09LtRjB5BKME3cyam4bviDyE=","source_code_size":377846,"tags":{"Application":"Chatbot","Environment":"Production","Owner":"TCHeiner"},"tags_all":{"Application":"Chatbot","Environment":"Production","Owner":"TCHeiner","hashicorp-learn":"lambda-api-gateway"},"timeout":900,"timeouts":null,"tracing_config":[{"mode":"PassThrough"}],"version":"$LATEST","vpc_config":[]},"sensitive_attributes":[[{"type":"get_attr","value":"environment"},{"type":"index","value":{"value":0,"type":"number"}},{"type":"get_attr","value":"variables"},{"type":"index","value":{"value":"OPENAI_API_KEY","type":"string"}}]],"private":"eyJlMmJmYjczMC1lY2FhLTExZTYtOGY4OC0zNDM2M2JjN2M0YzAiOnsiY3JlYXRlIjo2MDAwMDAwMDAwMDAsImRlbGV0ZSI6NjAwMDAwMDAwMDAwLCJ1cGRhdGUiOjYwMDAwMDAwMDAwMH19","dependencies":["aws_iam_role.lambda_chatbot_role","aws_lambda_layer_version.ai_dependencies_layer","aws_lambda_layer_version.core_dependencies_layer","aws_lambda_layer_version.faiss_vectorstore_layer","aws_lambda_layer_version.langchain_community_layer","aws_s3_bucket.lambda_bucket","aws_s3_object.ai_layer_zip","aws_s3_object.core_layer_zip","aws_s3_object.faiss_layer_zip","aws_s3_object.lambda_chatbot","aws_s3_object.langchain_layer_zip","data.aws_ssm_parameter.openai_api_key","random_pet.lambda_bucket_name"],"create_before_destroy":true}]},{"mode":"managed","type":"aws_lambda_layer_version","name":"ai_dependencies_layer","provider":"provider[\"registry.opentofu.org/hashicorp/aws\"]","instances":[{"schema_version":0,"attributes":{"arn":"arn:aws:lambda:us-east-1:149536489028:layer:chatbot-ai-dependencies:29","compatible_architectures":null,"compatible_runtimes":["python3.12"],"created_date":"2025-09-01T22:31:15.675+0000","description":"AI dependencies (LangChain, OpenAI, tiktoken) for chatbot","filename":null,"id":"arn:aws:lambda:us-east-1:149536489028:layer:chatbot-ai-dependencies:29","layer_arn":"arn:aws:lambda:us-east-1:149536489028:layer:chatbot-ai-dependencies","layer_name":"chatbot-ai-dependencies","license_info":"","s3_bucket":"chatbot-aboutme-normally-mistakenly-social-lemur","s3_key":"ai-dependencies-split.zip","s3_object_version":null,"signing_job_arn":"","signing_profile_version_arn":"","skip_destroy":false,"source_code_hash":"/c1NL1jNgD/qENhNM2PtI6J8z2mUFWTL0vmHQ338O2I=","source_code_size":21921362,"version":"29"},"sensitive_attributes":[],"private":"bnVsbA==","dependencies":["aws_s3_object.ai_layer_zip","random_pet.lambda_bucket_name"],"create_before_destroy":true},{"deposed":"6f67baa3","schema_version":0,"attributes":{"arn":"arn:aws:lambda:us-east-1:149536489028:layer:chatbot-ai-dependencies:28","compatible_architectures":[],"compatible_runtimes":["python3.12"],"created_date":"2025-09-01T22:28:44.410+0000","description":"AI dependencies (LangChain, OpenAI, tiktoken) for chatbot","filename":null,"id":"arn:aws:lambda:us-east-1:149536489028:layer:chatbot-ai-dependencies:28","layer_arn":"arn:aws:lambda:us-east-1:149536489028:layer:chatbot-ai-dependencies","layer_name":"chatbot-ai-dependencies","license_info":"","s3_bucket":"chatbot-aboutme-normally-mistakenly-social-lemur","s3_key":"ai-dependencies-split.zip","s3_object_version":null,"signing_job_arn":"","signing_profile_version_arn":"","skip_destroy":false,"source_code_hash":"/c1NL1jNgD/qENhNM2PtI6J8z2mUFWTL0vmHQ338O2I=","source_code_size":21921362,"version":"28"},"sensitive_attributes":[],"private":"bnVsbA==","dependencies":["aws_s3_object.ai_layer_zip","random_pet.lambda_bucket_name"],"create_before_destroy":true},{"status":"tainted","deposed":"91396ef8","schema_version":0,"attributes":{"arn":"arn:aws:lambda:us-east-1:149536489028:layer:chatbot-ai-dependencies:26","compatible_architectures":[],"compatible_runtimes":["python3.12"],"created_date":"2025-09-01T22:22:02.916+0000","description":"AI dependencies (LangChain, OpenAI, tiktoken) for chatbot","filename":null,"id":"arn:aws:lambda:us-east-1:149536489028:layer:chatbot-ai-dependencies:26","layer_arn":"arn:aws:lambda:us-east-1:149536489028:layer:chatbot-ai-dependencies","layer_name":"chatbot-ai-dependencies","license_info":"","s3_bucket":"chatbot-aboutme-normally-mistakenly-social-lemur","s3_key":"ai-dependencies-split.zip","s3_object_version":null,"signing_job_arn":"","signing_profile_version_arn":"","skip_destroy":false,"source_code_hash":"/c1NL1jNgD/qENhNM2PtI6J8z2mUFWTL0vmHQ338O2I=","source_code_size":21921362,"version":"26"},"sensitive_attributes":[],"private":"bnVsbA==","dependencies":["aws_s3_object.ai_layer_zip","random_pet.lambda_bucket_name"],"create_before_destroy":true},{"deposed":"bb1abb0b","schema_version":0,"attributes":{"arn":"arn:aws:lambda:us-east-1:149536489028:layer:chatbot-ai-dependencies:27","compatible_architectures":[],"compatible_runtimes":["python3.12"],"created_date":"2025-09-01T22:24:39.084+0000","description":"AI dependencies (LangChain, OpenAI, tiktoken) for chatbot","filename":null,"id":"arn:aws:lambda:us-east-1:149536489028:layer:chatbot-ai-dependencies:27","layer_arn":"arn:aws:lambda:us-east-1:149536489028:layer:chatbot-ai-dependencies","layer_name":"chatbot-ai-dependencies","license_info":"","s3_bucket":"chatbot-aboutme-normally-mistakenly-social-lemur","s3_key":"ai-dependencies-split.zip","s3_object_version":null,"signing_job_arn":"","signing_profile_version_arn":"","skip_destroy":false,"source_code_hash":"/c1NL1jNgD/qENhNM2PtI6J8z2mUFWTL0vmHQ338O2I=","source_code_size":21921362,"version":"27"},"sensitive_attributes":[],"private":"bnVsbA==","dependencies":["aws_s3_object.ai_layer_zip","random_pet.lambda_bucket_name"],"create_before_destroy":true}]},{"mode":"managed","type":"aws_lambda_layer_version","name":"core_dependencies_layer","provider":"provider[\"registry.opentofu.org/hashicorp/aws\"]","instances":[{"schema_version":0,"attributes":{"arn":"arn:aws:lambda:us-east-1:149536489028:layer:chatbot-core-dependencies:32","compatible_architectures":null,"compatible_runtimes":["python3.12"],"created_date":"2025-09-01T22:31:15.913+0000","description":"Core web dependencies (FastAPI, Mangum, Pydantic) for chatbot","filename":null,"id":"arn:aws:lambda:us-east-1:149536489028:layer:chatbot-core-dependencies:32","layer_arn":"arn:aws:lambda:us-east-1:149536489028:layer:chatbot-core-dependencies","layer_name":"chatbot-core-dependencies","license_info":"","s3_bucket":"chatbot-aboutme-normally-mistakenly-social-lemur","s3_key":"core-dependencies-split.zip","s3_object_version":null,"signing_job_arn":"","signing_profile_version_arn":"","skip_destroy":false,"source_code_hash":"uISbEccs5x1TBoam7dj71kQV7Il//s/80DR3XlpPYzc=","source_code_size":6406442,"version":"32"},"sensitive_attributes":[],"private":"bnVsbA==","dependencies":["aws_s3_object.core_layer_zip","random_pet.lambda_bucket_name"],"create_before_destroy":true},{"deposed":"47f47ac5","schema_version":0,"attributes":{"arn":"arn:aws:lambda:us-east-1:149536489028:layer:chatbot-core-dependencies:31","compatible_architectures":[],"compatible_runtimes":["python3.12"],"created_date":"2025-09-01T22:28:42.088+0000","description":"Core web dependencies (FastAPI, Mangum, Pydantic) for chatbot","filename":null,"id":"arn:aws:lambda:us-east-1:149536489028:layer:chatbot-core-dependencies:31","layer_arn":"arn:aws:lambda:us-east-1:149536489028:layer:chatbot-core-dependencies","layer_name":"chatbot-core-dependencies","license_info":"","s3_bucket":"chatbot-aboutme-normally-mistakenly-social-lemur","s3_key":"core-dependencies-split.zip","s3_object_version":null,"signing_job_arn":"","signing_profile_version_arn":"","skip_destroy":false,"source_code_hash":"uISbEccs5x1TBoam7dj71kQV7Il//s/80DR3XlpPYzc=","source_code_size":6406442,"version":"31"},"sensitive_attributes":[],"private":"bnVsbA==","dependencies":["aws_s3_object.core_layer_zip","random_pet.lambda_bucket_name"],"create_before_destroy":true},{"deposed":"48798e89","schema_version":0,"attributes":{"arn":"arn:aws:lambda:us-east-1:149536489028:layer:chatbot-core-dependencies:30","compatible_architectures":[],"compatible_runtimes":["python3.12"],"created_date":"2025-09-01T22:24:36.017+0000","description":"Core web dependencies (FastAPI, Mangum, Pydantic) for chatbot","filename":null,"id":"arn:aws:lambda:us-east-1:149536489028:layer:chatbot-core-dependencies:30","layer_arn":"arn:aws:lambda:us-east-1:149536489028:layer:chatbot-core-dependencies","layer_name":"chatbot-core-dependencies","license_info":"","s3_bucket":"chatbot-aboutme-normally-mistakenly-social-lemur","s3_key":"core-dependencies-split.zip","s3_object_version":null,"signing_job_arn":"","signing_profile_version_arn":"","skip_destroy":false,"source_code_hash":"uISbEccs5x1TBoam7dj71kQV7Il//s/80DR3XlpPYzc=","source_code_size":6406442,"version":"30"},"sensitive_attributes":[],"private":"bnVsbA==","dependencies":["aws_s3_object.core_layer_zip","random_pet.lambda_bucket_name"],"create_before_destroy":true},{"deposed":"fdd31b3f","schema_version":0,"attributes":{"arn":"arn:aws:lambda:us-east-1:149536489028:layer:chatbot-core-dependencies:29","compatible_architectures":[],"compatible_runtimes":["python3.12"],"created_date":"2025-09-01T22:22:02.659+0000","description":"Core web dependencies (FastAPI, Mangum, Pydantic) for chatbot","filename":null,"id":"arn:aws:lambda:us-east-1:149536489028:layer:chatbot-core-dependencies:29","layer_arn":"arn:aws:lambda:us-east-1:149536489028:layer:chatbot-core-dependencies","layer_name":"chatbot-core-dependencies","license_info":"","s3_bucket":"chatbot-aboutme-normally-mistakenly-social-lemur","s3_key":"core-dependencies-split.zip","s3_object_version":null,"signing_job_arn":"","signing_profile_version_arn":"","skip_destroy":false,"source_code_hash":"uISbEccs5x1TBoam7dj71kQV7Il//s/80DR3XlpPYzc=","source_code_size":6406442,"version":"29"},"sensitive_attributes":[],"private":"bnVsbA==","dependencies":["aws_s3_object.core_layer_zip","random_pet.lambda_bucket_name"],"create_before_destroy":true}]},{"mode":"managed","type":"aws_lambda_layer_version","name":"faiss_vectorstore_layer","provider":"provider[\"registry.opentofu.org/hashicorp/aws\"]","instances":[{"schema_version":0,"attributes":{"arn":"arn:aws:lambda:us-east-1:149536489028:layer:chatbot-faiss-vectorstore:32","compatible_architectures":null,"compatible_runtimes":["python3.12"],"created_date":"2025-09-01T22:31:19.137+0000","description":"FAISS vectorstore and NumPy computational libraries for chatbot","filename":null,"id":"arn:aws:lambda:us-east-1:149536489028:layer:chatbot-faiss-vectorstore:32","layer_arn":"arn:aws:lambda:us-east-1:149536489028:layer:chatbot-faiss-vectorstore","layer_name":"chatbot-faiss-vectorstore","license_info":"","s3_bucket":"chatbot-aboutme-normally-mistakenly-social-lemur","s3_key":"faiss-vectorstore-split.zip","s3_object_version":null,"signing_job_arn":"","signing_profile_version_arn":"","skip_destroy":false,"source_code_hash":"spDm2lkvzSYiF4VfrSgkf6fuZckfOAF8qghrJyZ7ke8=","source_code_size":35992584,"version":"32"},"sensitive_attributes":[],"private":"bnVsbA==","dependencies":["aws_s3_object.faiss_layer_zip","random_pet.lambda_bucket_name"],"create_before_destroy":true},{"deposed":"007b6365","schema_version":0,"attributes":{"arn":"arn:aws:lambda:us-east-1:149536489028:layer:chatbot-faiss-vectorstore:30","compatible_architectures":[],"compatible_runtimes":["python3.12"],"created_date":"2025-09-01T22:24:39.731+0000","description":"FAISS vectorstore and NumPy computational libraries for chatbot","filename":null,"id":"arn:aws:lambda:us-east-1:149536489028:layer:chatbot-faiss-vectorstore:30","layer_arn":"arn:aws:lambda:us-east-1:149536489028:layer:chatbot-faiss-vectorstore","layer_name":"chatbot-faiss-vectorstore","license_info":"","s3_bucket":"chatbot-aboutme-normally-mistakenly-social-lemur","s3_key":"faiss-vectorstore-split.zip","s3_object_version":null,"signing_job_arn":"","signing_profile_version_arn":"","skip_destroy":false,"source_code_hash":"spDm2lkvzSYiF4VfrSgkf6fuZckfOAF8qghrJyZ7ke8=","source_code_size":35992584,"version":"30"},"sensitive_attributes":[],"private":"bnVsbA==","dependencies":["aws_s3_object.faiss_layer_zip","random_pet.lambda_bucket_name"],"create_before_destroy":true},{"deposed":"5019839e","schema_version":0,"attributes":{"arn":"arn:aws:lambda:us-east-1:149536489028:layer:chatbot-faiss-vectorstore:31","compatible_architectures":[],"compatible_runtimes":["python3.12"],"created_date":"2025-09-01T22:28:45.426+0000","description":"FAISS vectorstore and NumPy computational libraries for chatbot","filename":null,"id":"arn:aws:lambda:us-east-1:149536489028:layer:chatbot-faiss-vectorstore:31","layer_arn":"arn:aws:lambda:us-east-1:149536489028:layer:chatbot-faiss-vectorstore","layer_name":"chatbot-faiss-vectorstore","license_info":"","s3_bucket":"chatbot-aboutme-normally-mistakenly-social-lemur","s3_key":"faiss-vectorstore-split.zip","s3_object_version":null,"signing_job_arn":"","signing_profile_version_arn":"","skip_destroy":false,"source_code_hash":"spDm2lkvzSYiF4VfrSgkf6fuZckfOAF8qghrJyZ7ke8=","source_code_size":35992584,"version":"31"},"sensitive_attributes":[],"private":"bnVsbA==","dependencies":["aws_s3_object.faiss_layer_zip","random_pet.lambda_bucket_name"],"create_before_destroy":true},{"deposed":"6b4a6567","schema_version":0,"attributes":{"arn":"arn:aws:lambda:us-east-1:149536489028:layer:chatbot-faiss-vectorstore:29","compatible_architectures":[],"compatible_runtimes":["python3.12"],"created_date":"2025-09-01T22:22:10.050+0000","description":"FAISS vectorstore and NumPy computational libraries for chatbot","filename":null,"id":"arn:aws:lambda:us-east-1:149536489028:layer:chatbot-faiss-vectorstore:29","layer_arn":"arn:aws:lambda:us-east-1:149536489028:layer:chatbot-faiss-vectorstore","layer_name":"chatbot-faiss-vectorstore","license_info":"","s3_bucket":"chatbot-aboutme-normally-mistakenly-social-lemur","s3_key":"faiss-vectorstore-split.zip","s3_object_version":null,"signing_job_arn":"","signing_profile_version_arn":"","skip_destroy":false,"source_code_hash":"spDm2lkvzSYiF4VfrSgkf6fuZckfOAF8qghrJyZ7ke8=","source_code_size":35992584,"version":"29"},"sensitive_attributes":[],"private":"bnVsbA==","dependencies":["aws_s3_object.faiss_layer_zip","random_pet.lambda_bucket_name"],"create_before_destroy":true}]},{"mode":"managed","type":"aws_lambda_layer_version","name":"langchain_community_layer","provider":"provider[\"registry.opentofu.org/hashicorp/aws\"]","instances":[{"schema_version":0,"attributes":{"arn":"arn:aws:lambda:us-east-1:149536489028:layer:chatbot-langchain-community:28","compatible_architectures":null,"compatible_runtimes":["python3.12"],"created_date":"2025-09-01T22:31:17.747+0000","description":"LangChain community packages for chatbot","filename":null,"id":"arn:aws:lambda:us-east-1:149536489028:layer:chatbot-langchain-community:28","layer_arn":"arn:aws:lambda:us-east-1:149536489028:layer:chatbot-langchain-community","layer_name":"chatbot-langchain-community","license_info":"","s3_bucket":"chatbot-aboutme-normally-mistakenly-social-lemur","s3_key":"langchain-community-split.zip","s3_object_version":null,"signing_job_arn":"","signing_profile_version_arn":"","skip_destroy":false,"source_code_hash":"ENUm23H98yRGO/oVl97Yqkj4LrtkGVgZvYSGSJ7L+a4=","source_code_size":10723506,"version":"28"},"sensitive_attributes":[],"private":"bnVsbA==","dependencies":["aws_s3_object.langchain_layer_zip","random_pet.lambda_bucket_name"],"create_before_destroy":true},{"deposed":"067c4214","schema_version":0,"attributes":{"arn":"arn:aws:lambda:us-east-1:149536489028:layer:chatbot-langchain-community:25","compatible_architectures":[],"compatible_runtimes":["python3.12"],"created_date":"2025-09-01T22:22:01.132+0000","description":"LangChain community packages for chatbot","filename":null,"id":"arn:aws:lambda:us-east-1:149536489028:layer:chatbot-langchain-community:25","layer_arn":"arn:aws:lambda:us-east-1:149536489028:layer:chatbot-langchain-community","layer_name":"chatbot-langchain-community","license_info":"","s3_bucket":"chatbot-aboutme-normally-mistakenly-social-lemur","s3_key":"langchain-community-split.zip","s3_object_version":null,"signing_job_arn":"","signing_profile_version_arn":"","skip_destroy":false,"source_code_hash":"ENUm23H98yRGO/oVl97Yqkj4LrtkGVgZvYSGSJ7L+a4=","source_code_size":10723506,"version":"25"},"sensitive_attributes":[],"private":"bnVsbA==","dependencies":["aws_s3_object.langchain_layer_zip","random_pet.lambda_bucket_name"],"create_before_destroy":true},{"deposed":"2e5c02de","schema_version":0,"attributes":{"arn":"arn:aws:lambda:us-east-1:149536489028:layer:chatbot-langchain-community:26","compatible_architectures":[],"compatible_runtimes":["python3.12"],"created_date":"2025-09-01T22:24:38.988+0000","description":"LangChain community packages for chatbot","filename":null,"id":"arn:aws:lambda:us-east-1:149536489028:layer:chatbot-langchain-community:26","layer_arn":"arn:aws:lambda:us-east-1:149536489028:layer:chatbot-langchain-community","layer_name":"chatbot-langchain-community","license_info":"","s3_bucket":"chatbot-aboutme-normally-mistakenly-social-lemur","s3_key":"langchain-community-split.zip","s3_object_version":null,"signing_job_arn":"","signing_profile_version_arn":"","skip_destroy":false,"source_code_hash":"ENUm23H98yRGO/oVl97Yqkj4LrtkGVgZvYSGSJ7L+a4=","source_code_size":10723506,"version":"26"},"sensitive_attributes":[],"private":"bnVsbA==","dependencies":["aws_s3_object.langchain_layer_zip","random_pet.lambda_bucket_name"],"create_before_destroy":true},{"deposed":"441cc9e8","schema_version":0,"attributes":{"arn":"arn:aws:lambda:us-east-1:149536489028:layer:chatbot-langchain-community:27","compatible_architectures":[],"compatible_runtimes":["python3.12"],"created_date":"2025-09-01T22:28:42.727+0000","description":"LangChain community packages for chatbot","filename":null,"id":"arn:aws:lambda:us-east-1:149536489028:layer:chatbot-langchain-community:27","layer_arn":"arn:aws:lambda:us-east-1:149536489028:layer:chatbot-langchain-community","layer_name":"chatbot-langchain-community","license_info":"","s3_bucket":"chatbot-aboutme-normally-mistakenly-social-lemur","s3_key":"langchain-community-split.zip","s3_object_version":null,"signing_job_arn":"","signing_profile_version_arn":"","skip_destroy":false,"source_code_hash":"ENUm23H98yRGO/oVl97Yqkj4LrtkGVgZvYSGSJ7L+a4=","source_code_size":10723506,"version":"27"},"sensitive_attributes":[],"private":"bnVsbA==","dependencies":["aws_s3_object.langchain_layer_zip","random_pet.lambda_bucket_name"],"create_before_destroy":true}]},{"mode":"managed","type":"aws_lambda_permission","name":"chatbot_api_gw","provider":"provider[\"registry.opentofu.org/hashicorp/aws\"]","instances":[{"schema_version":0,"attributes":{"action":"lambda:InvokeFunction","event_source_token":null,"function_name":"chatbot-api","function_url_auth_type":null,"id":"AllowExecutionFromAPIGateway","principal":"apigateway.amazonaws.com","principal_org_id":null,"qualifier":"","source_account":null,"source_arn":"arn:aws:execute-api:us-east-1:149536489028:kr84c9lx48/*/*","statement_id":"AllowExecutionFromAPIGateway","statement_id_prefix":""},"sensitive_attributes":[],"private":"bnVsbA==","dependencies":["aws_api_gateway_rest_api.chatbot_rest_api","aws_iam_role.lambda_chatbot_role","aws_lambda_function.chatbot_lambda","aws_lambda_layer_version.ai_dependencies_layer","aws_lambda_layer_version.core_dependencies_layer","aws_lambda_layer_version.faiss_vectorstore_layer","aws_lambda_layer_version.langchain_community_layer","aws_s3_bucket.lambda_bucket","aws_s3_object.ai_layer_zip","aws_s3_object.core_layer_zip","aws_s3_object.faiss_layer_zip","aws_s3_object.lambda_chatbot","aws_s3_object.langchain_layer_zip","data.aws_ssm_parameter.openai_api_key","random_pet.lambda_bucket_name"]}]},{"mode":"managed","type":"aws_s3_bucket","name":"lambda_bucket","provider":"provider[\"registry.opentofu.org/hashicorp/aws\"]","instances":[{"schema_version":0,"attributes":{"acceleration_status":"","acl":null,"arn":"arn:aws:s3:::chatbot-aboutme-normally-mistakenly-social-lemur","bucket":"chatbot-aboutme-normally-mistakenly-social-lemur","bucket_domain_name":"chatbot-aboutme-normally-mistakenly-social-lemur.s3.amazonaws.com","bucket_prefix":"","bucket_regional_domain_name":"chatbot-aboutme-normally-mistakenly-social-lemur.s3.us-east-1.amazonaws.com","cors_rule":[],"force_destroy":false,"grant":[{"id":"110d3fcf8f868ea55548ff3c19ac6aa3a97c71eb30697ae16b4b96d1ed4180a4","permissions":["FULL_CONTROL"],"type":"CanonicalUser","uri":""}],"hosted_zone_id":"Z3AQBSTGFYJSTF","id":"chatbot-aboutme-normally-mistakenly-social-lemur","lifecycle_rule":[],"logging":[],"object_lock_configuration":[],"object_lock_enabled":false,"policy":"","region":"us-east-1","replication_configuration":[],"request_payer":"BucketOwner","server_side_encryption_configuration":[{"rule":[{"apply_server_side_encryption_by_default":[{"kms_master_key_id":"","sse_algorithm":"AES256"}],"bucket_key_enabled":false}]}],"tags":{"Application":"Chatbot","Environment":"Production","Owner":"TCHeiner"},"tags_all":{"Application":"Chatbot","Environment":"Production","Owner":"TCHeiner","hashicorp-learn":"lambda-api-gateway"},"timeouts":null,"versioning":[{"enabled":false,"mfa_delete":false}],"website":[],"website_domain":null,"website_endpoint":null},"sensitive_attributes":[],"private":"eyJlMmJmYjczMC1lY2FhLTExZTYtOGY4OC0zNDM2M2JjN2M0YzAiOnsiY3JlYXRlIjoxMjAwMDAwMDAwMDAwLCJkZWxldGUiOjM2MDAwMDAwMDAwMDAsInJlYWQiOjEyMDAwMDAwMDAwMDAsInVwZGF0ZSI6MTIwMDAwMDAwMDAwMH19","dependencies":["random_pet.lambda_bucket_name"],"create_before_destroy":true}]},{"mode":"managed","type":"aws_s3_bucket_acl","name":"lambda_bucket","provider":"provider[\"registry.opentofu.org/hashicorp/aws\"]","instances":[{"schema_version":0,"attributes":{"access_control_policy":[{"grant":[{"grantee":[{"display_name":"tc","email_address":"","id":"110d3fcf8f868ea55548ff3c19ac6aa3a97c71eb30697ae16b4b96d1ed4180a4","type":"CanonicalUser","uri":""}],"permission":"FULL_CONTROL"}],"owner":[{"display_name":"tc","id":"110d3fcf8f868ea55548ff3c19ac6aa3a97c71eb30697ae16b4b96d1ed4180a4"}]}],"acl":"private","bucket":"chatbot-aboutme-normally-mistakenly-social-lemur","expected_bucket_owner":"","id":"chatbot-aboutme-normally-mistakenly-social-lemur,private"},"sensitive_attributes":[],"private":"bnVsbA==","dependencies":["aws_s3_bucket.lambda_bucket","aws_s3_bucket_ownership_controls.lambda_bucket","random_pet.lambda_bucket_name"]}]},{"mode":"managed","type":"aws_s3_bucket_ownership_controls","name":"lambda_bucket","provider":"provider[\"registry.opentofu.org/hashicorp/aws\"]","instances":[{"schema_version":0,"attributes":{"bucket":"chatbot-aboutme-normally-mistakenly-social-lemur","id":"chatbot-aboutme-normally-mistakenly-social-lemur","rule":[{"object_ownership":"BucketOwnerPreferred"}]},"sensitive_attributes":[],"private":"bnVsbA==","dependencies":["aws_s3_bucket.lambda_bucket","random_pet.lambda_bucket_name"]}]},{"mode":"managed","type":"aws_s3_object","name":"ai_layer_zip","provider":"provider[\"registry.opentofu.org/hashicorp/aws\"]","instances":[{"schema_version":0,"attributes":{"acl":null,"bucket":"chatbot-aboutme-normally-mistakenly-social-lemur","bucket_key_enabled":false,"cache_control":"","checksum_algorithm":null,"checksum_crc32":"","checksum_crc32c":"","checksum_sha1":"","checksum_sha256":"","content":null,"content_base64":null,"content_disposition":"","content_encoding":"","content_language":"","content_type":"binary/octet-stream","etag":"9f6fa76c0743cc7524f11e5590f64bb0-5","force_destroy":false,"id":"ai-dependencies-split.zip","key":"ai-dependencies-split.zip","kms_key_id":null,"metadata":{},"object_lock_legal_hold_status":"","object_lock_mode":"","object_lock_retain_until_date":"","override_provider":[],"server_side_encryption":"AES256","source":"./../ai-dependencies-split.zip","source_hash":null,"storage_class":"STANDARD","tags":{},"tags_all":{"hashicorp-learn":"lambda-api-gateway"},"version_id":"","website_redirect":""},"sensitive_attributes":[],"private":"bnVsbA==","dependencies":["random_pet.lambda_bucket_name"],"create_before_destroy":true}]},{"mode":"managed","type":"aws_s3_object","name":"core_layer_zip","provider":"provider[\"registry.opentofu.org/hashicorp/aws\"]","instances":[{"schema_version":0,"attributes":{"acl":null,"bucket":"chatbot-aboutme-normally-mistakenly-social-lemur","bucket_key_enabled":false,"cache_control":"","checksum_algorithm":null,"checksum_crc32":"","checksum_crc32c":"","checksum_sha1":"","checksum_sha256":"","content":null,"content_base64":null,"content_disposition":"","content_encoding":"","content_language":"","content_type":"binary/octet-stream","etag":"c2e002e1f2a511d3cd14b0010b134d0d-2","force_destroy":false,"id":"core-dependencies-split.zip","key":"core-dependencies-split.zip","kms_key_id":null,"metadata":{},"object_lock_legal_hold_status":"","object_lock_mode":"","object_lock_retain_until_date":"","override_provider":[],"server_side_encryption":"AES256","source":"./../core-dependencies-split.zip","source_hash":null,"storage_class":"STANDARD","tags":{},"tags_all":{"hashicorp-learn":"lambda-api-gateway"},"version_id":"","website_redirect":""},"sensitive_attributes":[],"private":"bnVsbA==","dependencies":["random_pet.lambda_bucket_name"],"create_before_destroy":true}]},{"mode":"managed","type":"aws_s3_object","name":"faiss_layer_zip","provider":"provider[\"registry.opentofu.org/hashicorp/aws\"]","instances":[{"schema_version":0,"attributes":{"acl":null,"bucket":"chatbot-aboutme-normally-mistakenly-social-lemur","bucket_key_enabled":false,"cache_control":"","checksum_algorithm":null,"checksum_crc32":"","checksum_crc32c":"","checksum_sha1":"","checksum_sha256":"","content":null,"content_base64":null,"content_disposition":"","content_encoding":"","content_language":"","content_type":"binary/octet-stream","etag":"e51306055fd3a14660fa8602d38a1d27-7","force_destroy":false,"id":"faiss-vectorstore-split.zip","key":"faiss-vectorstore-split.zip","kms_key_id":null,"metadata":{},"object_lock_legal_hold_status":"","object_lock_mode":"","object_lock_retain_until_date":"","override_provider":[],"server_side_encryption":"AES256","source":"./../faiss-vectorstore-split.zip","source_hash":null,"storage_class":"STANDARD","tags":{},"tags_all":{"hashicorp-learn":"lambda-api-gateway"},"version_id":"","website_redirect":""},"sensitive_attributes":[],"private":"bnVsbA==","dependencies":["random_pet.lambda_bucket_name"],"create_before_destroy":true}]},{"mode":"managed","type":"aws_s3_object","name":"lambda_chatbot","provider":"provider[\"registry.opentofu.org/hashicorp/aws\"]","instances":[{"schema_version":0,"attributes":{"acl":null,"bucket":"chatbot-aboutme-normally-mistakenly-social-lemur","bucket_key_enabled":false,"cache_control":"","checksum_algorithm":null,"checksum_crc32":"","checksum_crc32c":"","checksum_sha1":"","checksum_sha256":"","content":null,"content_base64":null,"content_disposition":"","content_encoding":"","content_language":"","content_type":"application/zip","etag":"b3adff7235d0f7ed406d586d0a041cc4","force_destroy":false,"id":"chatbot-function.zip","key":"chatbot-function.zip","kms_key_id":null,"metadata":{},"object_lock_legal_hold_status":"","object_lock_mode":"","object_lock_retain_until_date":"","override_provider":[],"server_side_encryption":"AES256","source":"./../chatbot-function.zip","source_hash":null,"storage_class":"STANDARD","tags":{},"tags_all":{"hashicorp-learn":"lambda-api-gateway"},"version_id":"","website_redirect":""},"sensitive_attributes":[],"private":"bnVsbA==","dependencies":["random_pet.lambda_bucket_name"],"create_before_destroy":true}]},{"mode":"managed","type":"aws_s3_object","name":"langchain_layer_zip","provider":"provider[\"registry.opentofu.org/hashicorp/aws\"]","instances":[{"schema_version":0,"attributes":{"acl":null,"bucket":"chatbot-aboutme-normally-mistakenly-social-lemur","bucket_key_enabled":false,"cache_control":"","checksum_algorithm":null,"checksum_crc32":"","checksum_crc32c":"","checksum_sha1":"","checksum_sha256":"","content":null,"content_base64":null,"content_disposition":"","content_encoding":"","content_language":"","content_type":"binary/octet-stream","etag":"a183b53118f401599729f19c142e1f99-3","force_destroy":false,"id":"langchain-community-split.zip","key":"langchain-community-split.zip","kms_key_id":null,"metadata":{},"object_lock_legal_hold_status":"","object_lock_mode":"","object_lock_retain_until_date":"","override_provider":[],"server_side_encryption":"AES256","source":"./../langchain-community-split.zip","source_hash":null,"storage_class":"STANDARD","tags":{},"tags_all":{"hashicorp-learn":"lambda-api-gateway"},"version_id":"","website_redirect":""},"sensitive_attributes":[],"private":"bnVsbA==","dependencies":["random_pet.lambda_bucket_name"],"create_before_destroy":true}]},{"mode":"managed","type":"local_file","name":"requirements","provider":"provider[\"registry.opentofu.org/hashicorp/local\"]","instances":[{"schema_version":0,"attributes":{"content":"typing-extensions\nlangchain\nlangchain-core\nlangchain-community\nlangchain-openai\nfastapi\nuvicorn\nmangum\npython-dotenv\npydantic\nopenai\nrequests\nhttpx","content_base64":null,"content_base64sha256":"c9Z4FoXIPHoSGBqTmJ1wxG5lU0BrAGXZIUIlkXggjjs=","content_base64sha512":"efaqzTv841Pv39P0vGMEqukCBJlhlT1GF4ca1ACvYIVVN0iy0RQiHnV8ZvdciGNLJwzV84zFBpgpjBz1scr2bg==","content_md5":"8a742f3567a65d0d2804a423ca84d15a","content_sha1":"28628acb17f5dcaad83168a66faa34dfa4632e6f","content_sha256":"73d6781685c83c7a12181a93989d70c46e6553406b0065d92142259178208e3b","content_sha512":"79f6aacd3bfce353efdfd3f4bc6304aae902049961953d4617871ad400af6085553748b2d114221e757c66f75c88634b270cd5f38cc50698298c1cf5b1caf66e","directory_permission":"0777","file_permission":"0777","filename":"./requirements.txt","id":"28628acb17f5dcaad83168a66faa34dfa4632e6f","sensitive_content":null,"source":null},"sensitive_attributes":[[{"type":"get_attr","value":"sensitive_content"}]]}]},{"mode":"managed","type":"random_pet","name":"lambda_bucket_name","provider":"provider[\"registry.opentofu.org/hashicorp/random\"]","instances":[{"schema_version":0,"attributes":{"id":"chatbot-aboutme-normally-mistakenly-social-lemur","keepers":null,"length":4,"prefix":"chatbot-aboutme","separator":"-"},"sensitive_attributes":[],"create_before_destroy":true}]}],"check_results":null}
