{"version":4,"terraform_version":"1.10.5","serial":482,"lineage":"1c99a2d8-9b0d-4bad-be0d-90cfdc203c7f","outputs":{},"resources":[{"mode":"managed","type":"aws_s3_bucket","name":"lambda_bucket","provider":"provider[\"registry.opentofu.org/hashicorp/aws\"]","instances":[{"schema_version":0,"attributes":{"acceleration_status":"","acl":null,"arn":"arn:aws:s3:::chatbot-aboutme-normally-mistakenly-social-lemur","bucket":"chatbot-aboutme-normally-mistakenly-social-lemur","bucket_domain_name":"chatbot-aboutme-normally-mistakenly-social-lemur.s3.amazonaws.com","bucket_prefix":"","bucket_regional_domain_name":"chatbot-aboutme-normally-mistakenly-social-lemur.s3.us-east-1.amazonaws.com","cors_rule":[],"force_destroy":false,"grant":[{"id":"110d3fcf8f868ea55548ff3c19ac6aa3a97c71eb30697ae16b4b96d1ed4180a4","permissions":["FULL_CONTROL"],"type":"CanonicalUser","uri":""}],"hosted_zone_id":"Z3AQBSTGFYJSTF","id":"chatbot-aboutme-normally-mistakenly-social-lemur","lifecycle_rule":[],"logging":[],"object_lock_configuration":[],"object_lock_enabled":false,"policy":"","region":"us-east-1","replication_configuration":[],"request_payer":"BucketOwner","server_side_encryption_configuration":[{"rule":[{"apply_server_side_encryption_by_default":[{"kms_master_key_id":"","sse_algorithm":"AES256"}],"bucket_key_enabled":false}]}],"tags":{"Application":"Chatbot","Environment":"Production","Owner":"TCHeiner"},"tags_all":{"Application":"Chatbot","Environment":"Production","Owner":"TCHeiner","hashicorp-learn":"lambda-api-gateway"},"timeouts":null,"versioning":[{"enabled":false,"mfa_delete":false}],"website":[],"website_domain":null,"website_endpoint":null},"sensitive_attributes":[],"private":"eyJlMmJmYjczMC1lY2FhLTExZTYtOGY4OC0zNDM2M2JjN2M0YzAiOnsiY3JlYXRlIjoxMjAwMDAwMDAwMDAwLCJkZWxldGUiOjM2MDAwMDAwMDAwMDAsInJlYWQiOjEyMDAwMDAwMDAwMDAsInVwZGF0ZSI6MTIwMDAwMDAwMDAwMH19","dependencies":["random_pet.lambda_bucket_name"]}]},{"mode":"managed","type":"random_pet","name":"lambda_bucket_name","provider":"provider[\"registry.opentofu.org/hashicorp/random\"]","instances":[{"schema_version":0,"attributes":{"id":"chatbot-aboutme-normally-mistakenly-social-lemur","keepers":null,"length":4,"prefix":"chatbot-aboutme","separator":"-"},"sensitive_attributes":[]}]}],"check_results":null}
