{"version":4,"terraform_version":"1.10.5","serial":483,"lineage":"1c99a2d8-9b0d-4bad-be0d-90cfdc203c7f","outputs":{},"resources":[{"mode":"managed","type":"random_pet","name":"lambda_bucket_name","provider":"provider[\"registry.opentofu.org/hashicorp/random\"]","instances":[{"schema_version":0,"attributes":{"id":"chatbot-aboutme-normally-mistakenly-social-lemur","keepers":null,"length":4,"prefix":"chatbot-aboutme","separator":"-"},"sensitive_attributes":[]}]}],"check_results":null}
